schema: '2.0'
stages:
  model_building:
    cmd: python src/model_building.py
    deps:
    - path: data/processed
      hash: md5
      md5: bbc73ba06b5a5dbe8667758487e177e5.dir
      size: 819696
      nfiles: 2
    - path: src/model_building.py
      hash: md5
      md5: de21a89793a7d5357a76411710649bd1
      size: 4489
    params:
      params.yaml:
        model_building.n_estimators: 22
        model_building.random_state: 2
    outs:
    - path: models/model.pkl
      hash: md5
      md5: 2a2fcb92f7c1c824e4c605620a9b6074
      size: 727835
  model_evaluation:
    cmd: python src/model_evaluation.py
    deps:
    - path: models/model.pkl
      hash: md5
      md5: 2a2fcb92f7c1c824e4c605620a9b6074
      size: 727835
    - path: src/model_evaluation.py
      hash: md5
      md5: 8fffa1226bba9499ad82dd80fbd179b5
      size: 4640
    outs:
    - path: reports/metrics.json
      hash: md5
      md5: cdbc1d9f4457f4c7d360c820367653d9
      size: 144
